
Microsoft Visual Studio Solution File, Format Version 12.00
# Visual Studio Version 16
VisualStudioVersion = 16.0.29609.76
MinimumVisualStudioVersion = 10.0.40219.1
Project("{FAE04EC0-301F-11D3-BF4B-00C04F79EFBC}") = "PhotoShrinker", "PhotoShrinker.csproj", "{333F8D4F-73C5-4E4F-B3DD-CA52C4CDEFC3}"
EndProject
Global
	GlobalSection(SolutionConfigurationPlatforms) = preSolution
		Debug|Any CPU = Debug|Any CPU
		Release|Any CPU = Release|Any CPU
	EndGlobalSection
	GlobalSection(ProjectConfigurationPlatforms) = postSolution
		{333F8D4F-73C5-4E4F-B3DD-CA52C4CDEFC3}.Debug|Any CPU.ActiveCfg = Debug|Any CPU
		{333F8D4F-73C5-4E4F-B3DD-CA52C4CDEFC3}.Debug|Any CPU.Build.0 = Debug|Any CPU
		{333F8D4F-73C5-4E4F-B3DD-CA52C4CDEFC3}.Release|Any CPU.ActiveCfg = Release|Any CPU
		{333F8D4F-73C5-4E4F-B3DD-CA52C4CDEFC3}.Release|Any CPU.Build.0 = Release|Any CPU
	EndGlobalSection
	GlobalSection(SolutionProperties) = preSolution
		HideSolutionNode = FALSE
	EndGlobalSection
	GlobalSection(ExtensibilityGlobals) = postSolution
		SolutionGuid = {89133491-C9EC-4F55-88FF-6886082C2B19}
	EndGlobalSection
EndGlobal
